
Microsoft Visual Studio Solution File, Format Version 12.00
# Visual Studio Version 16
VisualStudioVersion = 16.0.30503.244
MinimumVisualStudioVersion = 10.0.40219.1
Project("{2150E333-8FDC-42A3-9474-1A3956D46DE8}") = "1. Library", "1. Library", "{700C2E43-C890-49F1-8296-1AA0F4C48ED2}"
EndProject
Project("{2150E333-8FDC-42A3-9474-1A3956D46DE8}") = "2. Examples", "2. Examples", "{0B911A56-0261-497D-8095-19D73E4E030F}"
EndProject
Project("{9A19103F-16F7-4668-BE54-9A1E7A4F7556}") = "FisSst.BlazorComponents.Examples.Client", "FisSst.BlazorComponents.Examples\Client\FisSst.BlazorComponents.Examples.Client.csproj", "{A64A3280-8F76-4B14-A75D-C110E486E349}"
EndProject
Project("{FAE04EC0-301F-11D3-BF4B-00C04F79EFBC}") = "FisSst.BlazorComponents.Core", "FisSst.BlazorComponents.Core\FisSst.BlazorComponents.Core.csproj", "{40F99595-DBE9-4041-8B07-95CCF2F45600}"
EndProject
Global
	GlobalSection(SolutionConfigurationPlatforms) = preSolution
		Debug|Any CPU = Debug|Any CPU
		Release|Any CPU = Release|Any CPU
	EndGlobalSection
	GlobalSection(ProjectConfigurationPlatforms) = postSolution
		{A64A3280-8F76-4B14-A75D-C110E486E349}.Debug|Any CPU.ActiveCfg = Debug|Any CPU
		{A64A3280-8F76-4B14-A75D-C110E486E349}.Debug|Any CPU.Build.0 = Debug|Any CPU
		{A64A3280-8F76-4B14-A75D-C110E486E349}.Release|Any CPU.ActiveCfg = Release|Any CPU
		{A64A3280-8F76-4B14-A75D-C110E486E349}.Release|Any CPU.Build.0 = Release|Any CPU
		{40F99595-DBE9-4041-8B07-95CCF2F45600}.Debug|Any CPU.ActiveCfg = Debug|Any CPU
		{40F99595-DBE9-4041-8B07-95CCF2F45600}.Debug|Any CPU.Build.0 = Debug|Any CPU
		{40F99595-DBE9-4041-8B07-95CCF2F45600}.Release|Any CPU.ActiveCfg = Release|Any CPU
		{40F99595-DBE9-4041-8B07-95CCF2F45600}.Release|Any CPU.Build.0 = Release|Any CPU
	EndGlobalSection
	GlobalSection(SolutionProperties) = preSolution
		HideSolutionNode = FALSE
	EndGlobalSection
	GlobalSection(NestedProjects) = preSolution
		{A64A3280-8F76-4B14-A75D-C110E486E349} = {0B911A56-0261-497D-8095-19D73E4E030F}
		{40F99595-DBE9-4041-8B07-95CCF2F45600} = {700C2E43-C890-49F1-8296-1AA0F4C48ED2}
	EndGlobalSection
	GlobalSection(ExtensibilityGlobals) = postSolution
		SolutionGuid = {E4D918D5-77F9-4A13-A347-5C54CCB32578}
	EndGlobalSection
EndGlobal
